// !$*UTF8*$!
{
	archiveVersion = 1;
	classes = {
	};
	objectVersion = 46;
	objects = {

/* Begin PBXBuildFile section */
		531816941D77B34A00F1D8D8 /* AppDelegate.swift in Sources */ = {isa = PBXBuildFile; fileRef = 531816931D77B34A00F1D8D8 /* AppDelegate.swift */; };
		531816961D77B34A00F1D8D8 /* ViewController.swift in Sources */ = {isa = PBXBuildFile; fileRef = 531816951D77B34A00F1D8D8 /* ViewController.swift */; };
		531816991D77B34A00F1D8D8 /* Main.storyboard in Resources */ = {isa = PBXBuildFile; fileRef = 531816971D77B34A00F1D8D8 /* Main.storyboard */; };
		5318169B1D77B34A00F1D8D8 /* Assets.xcassets in Resources */ = {isa = PBXBuildFile; fileRef = 5318169A1D77B34A00F1D8D8 /* Assets.xcassets */; };
		5318169E1D77B34A00F1D8D8 /* LaunchScreen.storyboard in Resources */ = {isa = PBXBuildFile; fileRef = 5318169C1D77B34A00F1D8D8 /* LaunchScreen.storyboard */; };
		531816A91D77B34A00F1D8D8 /* ScopeBarSimpleTests.swift in Sources */ = {isa = PBXBuildFile; fileRef = 531816A81D77B34A00F1D8D8 /* ScopeBarSimpleTests.swift */; };
/* End PBXBuildFile section */

/* Begin PBXContainerItemProxy section */
		531816A51D77B34A00F1D8D8 /* PBXContainerItemProxy */ = {
			isa = PBXContainerItemProxy;
			containerPortal = 531816881D77B34A00F1D8D8 /* Project object */;
			proxyType = 1;
			remoteGlobalIDString = 5318168F1D77B34A00F1D8D8;
			remoteInfo = ScopeBarSimple;
		};
/* End PBXContainerItemProxy section */

/* Begin PBXFileReference section */
		531816901D77B34A00F1D8D8 /* ScopeBarSimple.app */ = {isa = PBXFileReference; explicitFileType = wrapper.application; includeInIndex = 0; path = ScopeBarSimple.app; sourceTree = BUILT_PRODUCTS_DIR; };
		531816931D77B34A00F1D8D8 /* AppDelegate.swift */ = {isa = PBXFileReference; lastKnownFileType = sourcecode.swift; path = AppDelegate.swift; sourceTree = "<group>"; };
		531816951D77B34A00F1D8D8 /* ViewController.swift */ = {isa = PBXFileReference; lastKnownFileType = sourcecode.swift; path = ViewController.swift; sourceTree = "<group>"; };
		531816981D77B34A00F1D8D8 /* Base */ = {isa = PBXFileReference; lastKnownFileType = file.storyboard; name = Base; path = Base.lproj/Main.storyboard; sourceTree = "<group>"; };
		5318169A1D77B34A00F1D8D8 /* Assets.xcassets */ = {isa = PBXFileReference; lastKnownFileType = folder.assetcatalog; path = Assets.xcassets; sourceTree = "<group>"; };
		5318169D1D77B34A00F1D8D8 /* Base */ = {isa = PBXFileReference; lastKnownFileType = file.storyboard; name = Base; path = Base.lproj/LaunchScreen.storyboard; sourceTree = "<group>"; };
		5318169F1D77B34A00F1D8D8 /* Info.plist */ = {isa = PBXFileReference; lastKnownFileType = text.plist.xml; path = Info.plist; sourceTree = "<group>"; };
		531816A41D77B34A00F1D8D8 /* ScopeBarSimpleTests.xctest */ = {isa = PBXFileReference; explicitFileType = wrapper.cfbundle; includeInIndex = 0; path = ScopeBarSimpleTests.xctest; sourceTree = BUILT_PRODUCTS_DIR; };
		531816A81D77B34A00F1D8D8 /* ScopeBarSimpleTests.swift */ = {isa = PBXFileReference; lastKnownFileType = sourcecode.swift; path = ScopeBarSimpleTests.swift; sourceTree = "<group>"; };
		531816AA1D77B34A00F1D8D8 /* Info.plist */ = {isa = PBXFileReference; lastKnownFileType = text.plist.xml; path = Info.plist; sourceTree = "<group>"; };
/* End PBXFileReference section */

/* Begin PBXFrameworksBuildPhase section */
		5318168D1D77B34A00F1D8D8 /* Frameworks */ = {
			isa = PBXFrameworksBuildPhase;
			buildActionMask = 2147483647;
			files = (
			);
			runOnlyForDeploymentPostprocessing = 0;
		};
		531816A11D77B34A00F1D8D8 /* Frameworks */ = {
			isa = PBXFrameworksBuildPhase;
			buildActionMask = 2147483647;
			files = (
			);
			runOnlyForDeploymentPostprocessing = 0;
		};
/* End PBXFrameworksBuildPhase section */

/* Begin PBXGroup section */
		531816871D77B34A00F1D8D8 = {
			isa = PBXGroup;
			children = (
				531816921D77B34A00F1D8D8 /* ScopeBarSimple */,
				531816A71D77B34A00F1D8D8 /* ScopeBarSimpleTests */,
				531816911D77B34A00F1D8D8 /* Products */,
			);
			sourceTree = "<group>";
		};
		531816911D77B34A00F1D8D8 /* Products */ = {
			isa = PBXGroup;
			children = (
				531816901D77B34A00F1D8D8 /* ScopeBarSimple.app */,
				531816A41D77B34A00F1D8D8 /* ScopeBarSimpleTests.xctest */,
			);
			name = Products;
			sourceTree = "<group>";
		};
		531816921D77B34A00F1D8D8 /* ScopeBarSimple */ = {
			isa = PBXGroup;
			children = (
				531816931D77B34A00F1D8D8 /* AppDelegate.swift */,
				531816951D77B34A00F1D8D8 /* ViewController.swift */,
				531816971D77B34A00F1D8D8 /* Main.storyboard */,
				5318169A1D77B34A00F1D8D8 /* Assets.xcassets */,
				5318169C1D77B34A00F1D8D8 /* LaunchScreen.storyboard */,
				5318169F1D77B34A00F1D8D8 /* Info.plist */,
			);
			path = ScopeBarSimple;
			sourceTree = "<group>";
		};
		531816A71D77B34A00F1D8D8 /* ScopeBarSimpleTests */ = {
			isa = PBXGroup;
			children = (
				531816A81D77B34A00F1D8D8 /* ScopeBarSimpleTests.swift */,
				531816AA1D77B34A00F1D8D8 /* Info.plist */,
			);
			path = ScopeBarSimpleTests;
			sourceTree = "<group>";
		};
/* End PBXGroup section */

/* Begin PBXNativeTarget section */
		5318168F1D77B34A00F1D8D8 /* ScopeBarSimple */ = {
			isa = PBXNativeTarget;
			buildConfigurationList = 531816AD1D77B34A00F1D8D8 /* Build configuration list for PBXNativeTarget "ScopeBarSimple" */;
			buildPhases = (
				5318168C1D77B34A00F1D8D8 /* Sources */,
				5318168D1D77B34A00F1D8D8 /* Frameworks */,
				5318168E1D77B34A00F1D8D8 /* Resources */,
			);
			buildRules = (
			);
			dependencies = (
			);
			name = ScopeBarSimple;
			productName = ScopeBarSimple;
			productReference = 531816901D77B34A00F1D8D8 /* ScopeBarSimple.app */;
			productType = "com.apple.product-type.application";
		};
		531816A31D77B34A00F1D8D8 /* ScopeBarSimpleTests */ = {
			isa = PBXNativeTarget;
			buildConfigurationList = 531816B01D77B34A00F1D8D8 /* Build configuration list for PBXNativeTarget "ScopeBarSimpleTests" */;
			buildPhases = (
				531816A01D77B34A00F1D8D8 /* Sources */,
				531816A11D77B34A00F1D8D8 /* Frameworks */,
				531816A21D77B34A00F1D8D8 /* Resources */,
			);
			buildRules = (
			);
			dependencies = (
				531816A61D77B34A00F1D8D8 /* PBXTargetDependency */,
			);
			name = ScopeBarSimpleTests;
			productName = ScopeBarSimpleTests;
			productReference = 531816A41D77B34A00F1D8D8 /* ScopeBarSimpleTests.xctest */;
			productType = "com.apple.product-type.bundle.unit-test";
		};
/* End PBXNativeTarget section */

/* Begin PBXProject section */
		531816881D77B34A00F1D8D8 /* Project object */ = {
			isa = PBXProject;
			attributes = {
				LastSwiftUpdateCheck = 0730;
				LastUpgradeCheck = 0730;
				ORGANIZATIONNAME = luwei;
				TargetAttributes = {
					5318168F1D77B34A00F1D8D8 = {
						CreatedOnToolsVersion = 7.3.1;
					};
					531816A31D77B34A00F1D8D8 = {
						CreatedOnToolsVersion = 7.3.1;
						TestTargetID = 5318168F1D77B34A00F1D8D8;
					};
				};
			};
			buildConfigurationList = 5318168B1D77B34A00F1D8D8 /* Build configuration list for PBXProject "ScopeBarSimple" */;
			compatibilityVersion = "Xcode 3.2";
			developmentRegion = English;
			hasScannedForEncodings = 0;
			knownRegions = (
				en,
				Base,
			);
			mainGroup = 531816871D77B34A00F1D8D8;
			productRefGroup = 531816911D77B34A00F1D8D8 /* Products */;
			projectDirPath = "";
			projectRoot = "";
			targets = (
				5318168F1D77B34A00F1D8D8 /* ScopeBarSimple */,
				531816A31D77B34A00F1D8D8 /* ScopeBarSimpleTests */,
			);
		};
/* End PBXProject section */

/* Begin PBXResourcesBuildPhase section */
		5318168E1D77B34A00F1D8D8 /* Resources */ = {
			isa = PBXResourcesBuildPhase;
			buildActionMask = 2147483647;
			files = (
				5318169E1D77B34A00F1D8D8 /* LaunchScreen.storyboard in Resources */,
				5318169B1D77B34A00F1D8D8 /* Assets.xcassets in Resources */,
				531816991D77B34A00F1D8D8 /* Main.storyboard in Resources */,
			);
			runOnlyForDeploymentPostprocessing = 0;
		};
		531816A21D77B34A00F1D8D8 /* Resources */ = {
			isa = PBXResourcesBuildPhase;
			buildActionMask = 2147483647;
			files = (
			);
			runOnlyForDeploymentPostprocessing = 0;
		};
/* End PBXResourcesBuildPhase section */

/* Begin PBXSourcesBuildPhase section */
		5318168C1D77B34A00F1D8D8 /* Sources */ = {
			isa = PBXSourcesBuildPhase;
			buildActionMask = 2147483647;
			files = (
				531816961D77B34A00F1D8D8 /* ViewController.swift in Sources */,
				531816941D77B34A00F1D8D8 /* AppDelegate.swift in Sources */,
			);
			runOnlyForDeploymentPostprocessing = 0;
		};
		531816A01D77B34A00F1D8D8 /* Sources */ = {
			isa = PBXSourcesBuildPhase;
			buildActionMask = 2147483647;
			files = (
				531816A91D77B34A00F1D8D8 /* ScopeBarSimpleTests.swift in Sources */,
			);
			runOnlyForDeploymentPostprocessing = 0;
		};
/* End PBXSourcesBuildPhase section */

/* Begin PBXTargetDependency section */
		531816A61D77B34A00F1D8D8 /* PBXTargetDependency */ = {
			isa = PBXTargetDependency;
			target = 5318168F1D77B34A00F1D8D8 /* ScopeBarSimple */;
			targetProxy = 531816A51D77B34A00F1D8D8 /* PBXContainerItemProxy */;
		};
/* End PBXTargetDependency section */

/* Begin PBXVariantGroup section */
		531816971D77B34A00F1D8D8 /* Main.storyboard */ = {
			isa = PBXVariantGroup;
			children = (
				531816981D77B34A00F1D8D8 /* Base */,
			);
			name = Main.storyboard;
			sourceTree = "<group>";
		};
		5318169C1D77B34A00F1D8D8 /* LaunchScreen.storyboard */ = {
			isa = PBXVariantGroup;
			children = (
				5318169D1D77B34A00F1D8D8 /* Base */,
			);
			name = LaunchScreen.storyboard;
			sourceTree = "<group>";
		};
/* End PBXVariantGroup section */

/* Begin XCBuildConfiguration section */
		531816AB1D77B34A00F1D8D8 /* Debug */ = {
			isa = XCBuildConfiguration;
			buildSettings = {
				ALWAYS_SEARCH_USER_PATHS = NO;
				CLANG_ANALYZER_NONNULL = YES;
				CLANG_CXX_LANGUAGE_STANDARD = "gnu++0x";
				CLANG_CXX_LIBRARY = "libc++";
				CLANG_ENABLE_MODULES = YES;
				CLANG_ENABLE_OBJC_ARC = YES;
				CLANG_WARN_BOOL_CONVERSION = YES;
				CLANG_WARN_CONSTANT_CONVERSION = YES;
				CLANG_WARN_DIRECT_OBJC_ISA_USAGE = YES_ERROR;
				CLANG_WARN_EMPTY_BODY = YES;
				CLANG_WARN_ENUM_CONVERSION = YES;
				CLANG_WARN_INT_CONVERSION = YES;
				CLANG_WARN_OBJC_ROOT_CLASS = YES_ERROR;
				CLANG_WARN_UNREACHABLE_CODE = YES;
				CLANG_WARN__DUPLICATE_METHOD_MATCH = YES;
				"CODE_SIGN_IDENTITY[sdk=iphoneos*]" = "iPhone Developer";
				COPY_PHASE_STRIP = NO;
				DEBUG_INFORMATION_FORMAT = dwarf;
				ENABLE_STRICT_OBJC_MSGSEND = YES;
				ENABLE_TESTABILITY = YES;
				GCC_C_LANGUAGE_STANDARD = gnu99;
				GCC_DYNAMIC_NO_PIC = NO;
				GCC_NO_COMMON_BLOCKS = YES;
				GCC_OPTIMIZATION_LEVEL = 0;
				GCC_PREPROCESSOR_DEFINITIONS = (
					"DEBUG=1",
					"$(inherited)",
				);
				GCC_WARN_64_TO_32_BIT_CONVERSION = YES;
				GCC_WARN_ABOUT_RETURN_TYPE = YES_ERROR;
				GCC_WARN_UNDECLARED_SELECTOR = YES;
				GCC_WARN_UNINITIALIZED_AUTOS = YES_AGGRESSIVE;
				GCC_WARN_UNUSED_FUNCTION = YES;
				GCC_WARN_UNUSED_VARIABLE = YES;
				IPHONEOS_DEPLOYMENT_TARGET = 9.3;
				MTL_ENABLE_DEBUG_INFO = YES;
				ONLY_ACTIVE_ARCH = YES;
				SDKROOT = iphoneos;
				SWIFT_OPTIMIZATION_LEVEL = "-Onone";
			};
			name = Debug;
		};
		531816AC1D77B34A00F1D8D8 /* Release */ = {
			isa = XCBuildConfiguration;
			buildSettings = {
				ALWAYS_SEARCH_USER_PATHS = NO;
				CLANG_ANALYZER_NONNULL = YES;
				CLANG_CXX_LANGUAGE_STANDARD = "gnu++0x";
				CLANG_CXX_LIBRARY = "libc++";
				CLANG_ENABLE_MODULES = YES;
				CLANG_ENABLE_OBJC_ARC = YES;
				CLANG_WARN_BOOL_CONVERSION = YES;
				CLANG_WARN_CONSTANT_CONVERSION = YES;
				CLANG_WARN_DIRECT_OBJC_ISA_USAGE = YES_ERROR;
				CLANG_WARN_EMPTY_BODY = YES;
				CLANG_WARN_ENUM_CONVERSION = YES;
				CLANG_WARN_INT_CONVERSION = YES;
				CLANG_WARN_OBJC_ROOT_CLASS = YES_ERROR;
				CLANG_WARN_UNREACHABLE_CODE = YES;
				CLANG_WARN__DUPLICATE_METHOD_MATCH = YES;
				"CODE_SIGN_IDENTITY[sdk=iphoneos*]" = "iPhone Developer";
				COPY_PHASE_STRIP = NO;
				DEBUG_INFORMATION_FORMAT = "dwarf-with-dsym";
				ENABLE_NS_ASSERTIONS = NO;
				ENABLE_STRICT_OBJC_MSGSEND = YES;
				GCC_C_LANGUAGE_STANDARD = gnu99;
				GCC_NO_COMMON_BLOCKS = YES;
				GCC_WARN_64_TO_32_BIT_CONVERSION = YES;
				GCC_WARN_ABOUT_RETURN_TYPE = YES_ERROR;
				GCC_WARN_UNDECLARED_SELECTOR = YES;
				GCC_WARN_UNINITIALIZED_AUTOS = YES_AGGRESSIVE;
				GCC_WARN_UNUSED_FUNCTION = YES;
				GCC_WARN_UNUSED_VARIABLE = YES;
				IPHONEOS_DEPLOYMENT_TARGET = 9.3;
				MTL_ENABLE_DEBUG_INFO = NO;
				SDKROOT = iphoneos;
				VALIDATE_PRODUCT = YES;
			};
			name = Release;
		};
		531816AE1D77B34A00F1D8D8 /* Debug */ = {
			isa = XCBuildConfiguration;
			buildSettings = {
				ASSETCATALOG_COMPILER_APPICON_NAME = AppIcon;
				INFOPLIST_FILE = ScopeBarSimple/Info.plist;
				LD_RUNPATH_SEARCH_PATHS = "$(inherited) @executable_path/Frameworks";
				PRODUCT_BUNDLE_IDENTIFIER = com.luwei.ScopeBarSimple;
				PRODUCT_NAME = "$(TARGET_NAME)";
			};
			name = Debug;
		};
		531816AF1D77B34A00F1D8D8 /* Release */ = {
			isa = XCBuildConfiguration;
			buildSettings = {
				ASSETCATALOG_COMPILER_APPICON_NAME = AppIcon;
				INFOPLIST_FILE = ScopeBarSimple/Info.plist;
				LD_RUNPATH_SEARCH_PATHS = "$(inherited) @executable_path/Frameworks";
				PRODUCT_BUNDLE_IDENTIFIER = com.luwei.ScopeBarSimple;
				PRODUCT_NAME = "$(TARGET_NAME)";
			};
			name = Release;
		};
		531816B11D77B34A00F1D8D8 /* Debug */ = {
			isa = XCBuildConfiguration;
			buildSettings = {
				BUNDLE_LOADER = "$(TEST_HOST)";
				INFOPLIST_FILE = ScopeBarSimpleTests/Info.plist;
				LD_RUNPATH_SEARCH_PATHS = "$(inherited) @executable_path/Frameworks @loader_path/Frameworks";
				PRODUCT_BUNDLE_IDENTIFIER = com.luwei.ScopeBarSimpleTests;
				PRODUCT_NAME = "$(TARGET_NAME)";
				TEST_HOST = "$(BUILT_PRODUCTS_DIR)/ScopeBarSimple.app/ScopeBarSimple";
			};
			name = Debug;
		};
		531816B21D77B34A00F1D8D8 /* Release */ = {
			isa = XCBuildConfiguration;
			buildSettings = {
				BUNDLE_LOADER = "$(TEST_HOST)";
				INFOPLIST_FILE = ScopeBarSimpleTests/Info.plist;
				LD_RUNPATH_SEARCH_PATHS = "$(inherited) @executable_path/Frameworks @loader_path/Frameworks";
				PRODUCT_BUNDLE_IDENTIFIER = com.luwei.ScopeBarSimpleTests;
				PRODUCT_NAME = "$(TARGET_NAME)";
				TEST_HOST = "$(BUILT_PRODUCTS_DIR)/ScopeBarSimple.app/ScopeBarSimple";
			};
			name = Release;
		};
/* End XCBuildConfiguration section */

/* Begin XCConfigurationList section */
		5318168B1D77B34A00F1D8D8 /* Build configuration list for PBXProject "ScopeBarSimple" */ = {
			isa = XCConfigurationList;
			buildConfigurations = (
				531816AB1D77B34A00F1D8D8 /* Debug */,
				531816AC1D77B34A00F1D8D8 /* Release */,
			);
			defaultConfigurationIsVisible = 0;
			defaultConfigurationName = Release;
		};
		531816AD1D77B34A00F1D8D8 /* Build configuration list for PBXNativeTarget "ScopeBarSimple" */ = {
			isa = XCConfigurationList;
			buildConfigurations = (
				531816AE1D77B34A00F1D8D8 /* Debug */,
				531816AF1D77B34A00F1D8D8 /* Release */,
			);
			defaultConfigurationIsVisible = 0;
		};
		531816B01D77B34A00F1D8D8 /* Build configuration list for PBXNativeTarget "ScopeBarSimpleTests" */ = {
			isa = XCConfigurationList;
			buildConfigurations = (
				531816B11D77B34A00F1D8D8 /* Debug */,
				531816B21D77B34A00F1D8D8 /* Release */,
			);
			defaultConfigurationIsVisible = 0;
		};
/* End XCConfigurationList section */
	};
	rootObject = 531816881D77B34A00F1D8D8 /* Project object */;
}
